// !$*UTF8*$!
{
	archiveVersion = 1;
	classes = {
	};
	objectVersion = 56;
	objects = {

/* Begin PBXBuildFile section */
		5373369E2C620B0C00459E4F /* ProductCell.swift in Sources */ = {isa = PBXBuildFile; fileRef = 5373369D2C620B0C00459E4F /* ProductCell.swift */; };
		537336A52C62197D00459E4F /* UIView.ext.swift in Sources */ = {isa = PBXBuildFile; fileRef = 537336A42C62197D00459E4F /* UIView.ext.swift */; };
		537336A92C62239300459E4F /* UIBuilders.swift in Sources */ = {isa = PBXBuildFile; fileRef = 537336A82C62239300459E4F /* UIBuilders.swift */; };
		539472032C6203A100EA85B2 /* AppDelegate.swift in Sources */ = {isa = PBXBuildFile; fileRef = 539472022C6203A100EA85B2 /* AppDelegate.swift */; };
		539472052C6203A100EA85B2 /* SceneDelegate.swift in Sources */ = {isa = PBXBuildFile; fileRef = 539472042C6203A100EA85B2 /* SceneDelegate.swift */; };
		539472072C6203A100EA85B2 /* ViewController.swift in Sources */ = {isa = PBXBuildFile; fileRef = 539472062C6203A100EA85B2 /* ViewController.swift */; };
		5394720C2C6203A200EA85B2 /* Assets.xcassets in Resources */ = {isa = PBXBuildFile; fileRef = 5394720B2C6203A200EA85B2 /* Assets.xcassets */; };
		5394720F2C6203A200EA85B2 /* Base in Resources */ = {isa = PBXBuildFile; fileRef = 5394720E2C6203A200EA85B2 /* Base */; };
/* End PBXBuildFile section */

/* Begin PBXFileReference section */
		5373369D2C620B0C00459E4F /* ProductCell.swift */ = {isa = PBXFileReference; lastKnownFileType = sourcecode.swift; path = ProductCell.swift; sourceTree = "<group>"; };
		537336A42C62197D00459E4F /* UIView.ext.swift */ = {isa = PBXFileReference; lastKnownFileType = sourcecode.swift; path = UIView.ext.swift; sourceTree = "<group>"; };
		537336A82C62239300459E4F /* UIBuilders.swift */ = {isa = PBXFileReference; lastKnownFileType = sourcecode.swift; path = UIBuilders.swift; sourceTree = "<group>"; };
		539471FF2C6203A100EA85B2 /* UIKit - 07 - dz.app */ = {isa = PBXFileReference; explicitFileType = wrapper.application; includeInIndex = 0; path = "UIKit - 07 - dz.app"; sourceTree = BUILT_PRODUCTS_DIR; };
		539472022C6203A100EA85B2 /* AppDelegate.swift */ = {isa = PBXFileReference; lastKnownFileType = sourcecode.swift; path = AppDelegate.swift; sourceTree = "<group>"; };
		539472042C6203A100EA85B2 /* SceneDelegate.swift */ = {isa = PBXFileReference; lastKnownFileType = sourcecode.swift; path = SceneDelegate.swift; sourceTree = "<group>"; };
		539472062C6203A100EA85B2 /* ViewController.swift */ = {isa = PBXFileReference; lastKnownFileType = sourcecode.swift; path = ViewController.swift; sourceTree = "<group>"; };
		5394720B2C6203A200EA85B2 /* Assets.xcassets */ = {isa = PBXFileReference; lastKnownFileType = folder.assetcatalog; path = Assets.xcassets; sourceTree = "<group>"; };
		5394720E2C6203A200EA85B2 /* Base */ = {isa = PBXFileReference; lastKnownFileType = file.storyboard; name = Base; path = Base.lproj/LaunchScreen.storyboard; sourceTree = "<group>"; };
		539472102C6203A200EA85B2 /* Info.plist */ = {isa = PBXFileReference; lastKnownFileType = text.plist.xml; path = Info.plist; sourceTree = "<group>"; };
/* End PBXFileReference section */

/* Begin PBXFrameworksBuildPhase section */
		539471FC2C6203A100EA85B2 /* Frameworks */ = {
			isa = PBXFrameworksBuildPhase;
			buildActionMask = 2147483647;
			files = (
			);
			runOnlyForDeploymentPostprocessing = 0;
		};
/* End PBXFrameworksBuildPhase section */

/* Begin PBXGroup section */
		535C83792C6209EB00AF48F8 /* Cell */ = {
			isa = PBXGroup;
			children = (
				5373369D2C620B0C00459E4F /* ProductCell.swift */,
			);
			path = Cell;
			sourceTree = "<group>";
		};
		5373369F2C62163D00459E4F /* Helpers */ = {
			isa = PBXGroup;
			children = (
				537336A32C62196F00459E4F /* Extensions */,
				537336A02C62164400459E4F /* Functions */,
			);
			path = Helpers;
			sourceTree = "<group>";
		};
		537336A02C62164400459E4F /* Functions */ = {
			isa = PBXGroup;
			children = (
				537336A82C62239300459E4F /* UIBuilders.swift */,
			);
			path = Functions;
			sourceTree = "<group>";
		};
		537336A32C62196F00459E4F /* Extensions */ = {
			isa = PBXGroup;
			children = (
				537336A42C62197D00459E4F /* UIView.ext.swift */,
			);
			path = Extensions;
			sourceTree = "<group>";
		};
		539471F62C6203A100EA85B2 = {
			isa = PBXGroup;
			children = (
				539472012C6203A100EA85B2 /* UIKit - 07 - dz */,
				539472002C6203A100EA85B2 /* Products */,
			);
			sourceTree = "<group>";
		};
		539472002C6203A100EA85B2 /* Products */ = {
			isa = PBXGroup;
			children = (
				539471FF2C6203A100EA85B2 /* UIKit - 07 - dz.app */,
			);
			name = Products;
			sourceTree = "<group>";
		};
		539472012C6203A100EA85B2 /* UIKit - 07 - dz */ = {
			isa = PBXGroup;
			children = (
				5373369F2C62163D00459E4F /* Helpers */,
				535C83792C6209EB00AF48F8 /* Cell */,
				539472022C6203A100EA85B2 /* AppDelegate.swift */,
				539472042C6203A100EA85B2 /* SceneDelegate.swift */,
				539472062C6203A100EA85B2 /* ViewController.swift */,
				5394720B2C6203A200EA85B2 /* Assets.xcassets */,
				5394720D2C6203A200EA85B2 /* LaunchScreen.storyboard */,
				539472102C6203A200EA85B2 /* Info.plist */,
			);
			path = "UIKit - 07 - dz";
			sourceTree = "<group>";
		};
/* End PBXGroup section */

/* Begin PBXNativeTarget section */
		539471FE2C6203A100EA85B2 /* UIKit - 07 - dz */ = {
			isa = PBXNativeTarget;
			buildConfigurationList = 539472132C6203A200EA85B2 /* Build configuration list for PBXNativeTarget "UIKit - 07 - dz" */;
			buildPhases = (
				539471FB2C6203A100EA85B2 /* Sources */,
				539471FC2C6203A100EA85B2 /* Frameworks */,
				539471FD2C6203A100EA85B2 /* Resources */,
			);
			buildRules = (
			);
			dependencies = (
			);
			name = "UIKit - 07 - dz";
			productName = "UIKit - 07 - dz";
			productReference = 539471FF2C6203A100EA85B2 /* UIKit - 07 - dz.app */;
			productType = "com.apple.product-type.application";
		};
/* End PBXNativeTarget section */

/* Begin PBXProject section */
		539471F72C6203A100EA85B2 /* Project object */ = {
			isa = PBXProject;
			attributes = {
				BuildIndependentTargetsInParallel = 1;
				LastSwiftUpdateCheck = 1530;
				LastUpgradeCheck = 1530;
				TargetAttributes = {
					539471FE2C6203A100EA85B2 = {
						CreatedOnToolsVersion = 15.3;
					};
				};
			};
			buildConfigurationList = 539471FA2C6203A100EA85B2 /* Build configuration list for PBXProject "UIKit - 07 - dz" */;
			compatibilityVersion = "Xcode 14.0";
			developmentRegion = en;
			hasScannedForEncodings = 0;
			knownRegions = (
				en,
				Base,
			);
			mainGroup = 539471F62C6203A100EA85B2;
			productRefGroup = 539472002C6203A100EA85B2 /* Products */;
			projectDirPath = "";
			projectRoot = "";
			targets = (
				539471FE2C6203A100EA85B2 /* UIKit - 07 - dz */,
			);
		};
/* End PBXProject section */

/* Begin PBXResourcesBuildPhase section */
		539471FD2C6203A100EA85B2 /* Resources */ = {
			isa = PBXResourcesBuildPhase;
			buildActionMask = 2147483647;
			files = (
				5394720C2C6203A200EA85B2 /* Assets.xcassets in Resources */,
				5394720F2C6203A200EA85B2 /* Base in Resources */,
			);
			runOnlyForDeploymentPostprocessing = 0;
		};
/* End PBXResourcesBuildPhase section */

/* Begin PBXSourcesBuildPhase section */
		539471FB2C6203A100EA85B2 /* Sources */ = {
			isa = PBXSourcesBuildPhase;
			buildActionMask = 2147483647;
			files = (
				539472072C6203A100EA85B2 /* ViewController.swift in Sources */,
				5373369E2C620B0C00459E4F /* ProductCell.swift in Sources */,
				537336A92C62239300459E4F /* UIBuilders.swift in Sources */,
				539472032C6203A100EA85B2 /* AppDelegate.swift in Sources */,
				539472052C6203A100EA85B2 /* SceneDelegate.swift in Sources */,
				537336A52C62197D00459E4F /* UIView.ext.swift in Sources */,
			);
			runOnlyForDeploymentPostprocessing = 0;
		};
/* End PBXSourcesBuildPhase section */

/* Begin PBXVariantGroup section */
		5394720D2C6203A200EA85B2 /* LaunchScreen.storyboard */ = {
			isa = PBXVariantGroup;
			children = (
				5394720E2C6203A200EA85B2 /* Base */,
			);
			name = LaunchScreen.storyboard;
			sourceTree = "<group>";
		};
/* End PBXVariantGroup section */

/* Begin XCBuildConfiguration section */
		539472112C6203A200EA85B2 /* Debug */ = {
			isa = XCBuildConfiguration;
			buildSettings = {
				ALWAYS_SEARCH_USER_PATHS = NO;
				ASSETCATALOG_COMPILER_GENERATE_SWIFT_ASSET_SYMBOL_EXTENSIONS = YES;
				CLANG_ANALYZER_NONNULL = YES;
				CLANG_ANALYZER_NUMBER_OBJECT_CONVERSION = YES_AGGRESSIVE;
				CLANG_CXX_LANGUAGE_STANDARD = "gnu++20";
				CLANG_ENABLE_MODULES = YES;
				CLANG_ENABLE_OBJC_ARC = YES;
				CLANG_ENABLE_OBJC_WEAK = YES;
				CLANG_WARN_BLOCK_CAPTURE_AUTORELEASING = YES;
				CLANG_WARN_BOOL_CONVERSION = YES;
				CLANG_WARN_COMMA = YES;
				CLANG_WARN_CONSTANT_CONVERSION = YES;
				CLANG_WARN_DEPRECATED_OBJC_IMPLEMENTATIONS = YES;
				CLANG_WARN_DIRECT_OBJC_ISA_USAGE = YES_ERROR;
				CLANG_WARN_DOCUMENTATION_COMMENTS = YES;
				CLANG_WARN_EMPTY_BODY = YES;
				CLANG_WARN_ENUM_CONVERSION = YES;
				CLANG_WARN_INFINITE_RECURSION = YES;
				CLANG_WARN_INT_CONVERSION = YES;
				CLANG_WARN_NON_LITERAL_NULL_CONVERSION = YES;
				CLANG_WARN_OBJC_IMPLICIT_RETAIN_SELF = YES;
				CLANG_WARN_OBJC_LITERAL_CONVERSION = YES;
				CLANG_WARN_OBJC_ROOT_CLASS = YES_ERROR;
				CLANG_WARN_QUOTED_INCLUDE_IN_FRAMEWORK_HEADER = YES;
				CLANG_WARN_RANGE_LOOP_ANALYSIS = YES;
				CLANG_WARN_STRICT_PROTOTYPES = YES;
				CLANG_WARN_SUSPICIOUS_MOVE = YES;
				CLANG_WARN_UNGUARDED_AVAILABILITY = YES_AGGRESSIVE;
				CLANG_WARN_UNREACHABLE_CODE = YES;
				CLANG_WARN__DUPLICATE_METHOD_MATCH = YES;
				COPY_PHASE_STRIP = NO;
				DEBUG_INFORMATION_FORMAT = dwarf;
				ENABLE_STRICT_OBJC_MSGSEND = YES;
				ENABLE_TESTABILITY = YES;
				ENABLE_USER_SCRIPT_SANDBOXING = YES;
				GCC_C_LANGUAGE_STANDARD = gnu17;
				GCC_DYNAMIC_NO_PIC = NO;
				GCC_NO_COMMON_BLOCKS = YES;
				GCC_OPTIMIZATION_LEVEL = 0;
				GCC_PREPROCESSOR_DEFINITIONS = (
					"DEBUG=1",
					"$(inherited)",
				);
				GCC_WARN_64_TO_32_BIT_CONVERSION = YES;
				GCC_WARN_ABOUT_RETURN_TYPE = YES_ERROR;
				GCC_WARN_UNDECLARED_SELECTOR = YES;
				GCC_WARN_UNINITIALIZED_AUTOS = YES_AGGRESSIVE;
				GCC_WARN_UNUSED_FUNCTION = YES;
				GCC_WARN_UNUSED_VARIABLE = YES;
				IPHONEOS_DEPLOYMENT_TARGET = 17.4;
				LOCALIZATION_PREFERS_STRING_CATALOGS = YES;
				MTL_ENABLE_DEBUG_INFO = INCLUDE_SOURCE;
				MTL_FAST_MATH = YES;
				ONLY_ACTIVE_ARCH = YES;
				SDKROOT = iphoneos;
				SWIFT_ACTIVE_COMPILATION_CONDITIONS = "DEBUG $(inherited)";
				SWIFT_OPTIMIZATION_LEVEL = "-Onone";
			};
			name = Debug;
		};
		539472122C6203A200EA85B2 /* Release */ = {
			isa = XCBuildConfiguration;
			buildSettings = {
				ALWAYS_SEARCH_USER_PATHS = NO;
				ASSETCATALOG_COMPILER_GENERATE_SWIFT_ASSET_SYMBOL_EXTENSIONS = YES;
				CLANG_ANALYZER_NONNULL = YES;
				CLANG_ANALYZER_NUMBER_OBJECT_CONVERSION = YES_AGGRESSIVE;
				CLANG_CXX_LANGUAGE_STANDARD = "gnu++20";
				CLANG_ENABLE_MODULES = YES;
				CLANG_ENABLE_OBJC_ARC = YES;
				CLANG_ENABLE_OBJC_WEAK = YES;
				CLANG_WARN_BLOCK_CAPTURE_AUTORELEASING = YES;
				CLANG_WARN_BOOL_CONVERSION = YES;
				CLANG_WARN_COMMA = YES;
				CLANG_WARN_CONSTANT_CONVERSION = YES;
				CLANG_WARN_DEPRECATED_OBJC_IMPLEMENTATIONS = YES;
				CLANG_WARN_DIRECT_OBJC_ISA_USAGE = YES_ERROR;
				CLANG_WARN_DOCUMENTATION_COMMENTS = YES;
				CLANG_WARN_EMPTY_BODY = YES;
				CLANG_WARN_ENUM_CONVERSION = YES;
				CLANG_WARN_INFINITE_RECURSION = YES;
				CLANG_WARN_INT_CONVERSION = YES;
				CLANG_WARN_NON_LITERAL_NULL_CONVERSION = YES;
				CLANG_WARN_OBJC_IMPLICIT_RETAIN_SELF = YES;
				CLANG_WARN_OBJC_LITERAL_CONVERSION = YES;
				CLANG_WARN_OBJC_ROOT_CLASS = YES_ERROR;
				CLANG_WARN_QUOTED_INCLUDE_IN_FRAMEWORK_HEADER = YES;
				CLANG_WARN_RANGE_LOOP_ANALYSIS = YES;
				CLANG_WARN_STRICT_PROTOTYPES = YES;
				CLANG_WARN_SUSPICIOUS_MOVE = YES;
				CLANG_WARN_UNGUARDED_AVAILABILITY = YES_AGGRESSIVE;
				CLANG_WARN_UNREACHABLE_CODE = YES;
				CLANG_WARN__DUPLICATE_METHOD_MATCH = YES;
				COPY_PHASE_STRIP = NO;
				DEBUG_INFORMATION_FORMAT = "dwarf-with-dsym";
				ENABLE_NS_ASSERTIONS = NO;
				ENABLE_STRICT_OBJC_MSGSEND = YES;
				ENABLE_USER_SCRIPT_SANDBOXING = YES;
				GCC_C_LANGUAGE_STANDARD = gnu17;
				GCC_NO_COMMON_BLOCKS = YES;
				GCC_WARN_64_TO_32_BIT_CONVERSION = YES;
				GCC_WARN_ABOUT_RETURN_TYPE = YES_ERROR;
				GCC_WARN_UNDECLARED_SELECTOR = YES;
				GCC_WARN_UNINITIALIZED_AUTOS = YES_AGGRESSIVE;
				GCC_WARN_UNUSED_FUNCTION = YES;
				GCC_WARN_UNUSED_VARIABLE = YES;
				IPHONEOS_DEPLOYMENT_TARGET = 17.4;
				LOCALIZATION_PREFERS_STRING_CATALOGS = YES;
				MTL_ENABLE_DEBUG_INFO = NO;
				MTL_FAST_MATH = YES;
				SDKROOT = iphoneos;
				SWIFT_COMPILATION_MODE = wholemodule;
				VALIDATE_PRODUCT = YES;
			};
			name = Release;
		};
		539472142C6203A200EA85B2 /* Debug */ = {
			isa = XCBuildConfiguration;
			buildSettings = {
				ASSETCATALOG_COMPILER_APPICON_NAME = AppIcon;
				ASSETCATALOG_COMPILER_GLOBAL_ACCENT_COLOR_NAME = AccentColor;
				CODE_SIGN_STYLE = Automatic;
				CURRENT_PROJECT_VERSION = 1;
				DEVELOPMENT_TEAM = 6LSSFY6N8C;
				GENERATE_INFOPLIST_FILE = YES;
				INFOPLIST_FILE = "UIKit - 07 - dz/Info.plist";
				INFOPLIST_KEY_UIApplicationSupportsIndirectInputEvents = YES;
				INFOPLIST_KEY_UILaunchStoryboardName = LaunchScreen;
				INFOPLIST_KEY_UISupportedInterfaceOrientations_iPad = "UIInterfaceOrientationPortrait UIInterfaceOrientationPortraitUpsideDown UIInterfaceOrientationLandscapeLeft UIInterfaceOrientationLandscapeRight";
				INFOPLIST_KEY_UISupportedInterfaceOrientations_iPhone = "UIInterfaceOrientationPortrait UIInterfaceOrientationLandscapeLeft UIInterfaceOrientationLandscapeRight";
				IPHONEOS_DEPLOYMENT_TARGET = 15.0;
				LD_RUNPATH_SEARCH_PATHS = (
					"$(inherited)",
					"@executable_path/Frameworks",
				);
				MARKETING_VERSION = 1.0;
				PRODUCT_BUNDLE_IDENTIFIER = "com.webdmitriev.UIKit---07---dz";
				PRODUCT_NAME = "$(TARGET_NAME)";
				SWIFT_EMIT_LOC_STRINGS = YES;
				SWIFT_VERSION = 5.0;
				TARGETED_DEVICE_FAMILY = "1,2";
			};
			name = Debug;
		};
		539472152C6203A200EA85B2 /* Release */ = {
			isa = XCBuildConfiguration;
			buildSettings = {
				ASSETCATALOG_COMPILER_APPICON_NAME = AppIcon;
				ASSETCATALOG_COMPILER_GLOBAL_ACCENT_COLOR_NAME = AccentColor;
				CODE_SIGN_STYLE = Automatic;
				CURRENT_PROJECT_VERSION = 1;
				DEVELOPMENT_TEAM = 6LSSFY6N8C;
				GENERATE_INFOPLIST_FILE = YES;
				INFOPLIST_FILE = "UIKit - 07 - dz/Info.plist";
				INFOPLIST_KEY_UIApplicationSupportsIndirectInputEvents = YES;
				INFOPLIST_KEY_UILaunchStoryboardName = LaunchScreen;
				INFOPLIST_KEY_UISupportedInterfaceOrientations_iPad = "UIInterfaceOrientationPortrait UIInterfaceOrientationPortraitUpsideDown UIInterfaceOrientationLandscapeLeft UIInterfaceOrientationLandscapeRight";
				INFOPLIST_KEY_UISupportedInterfaceOrientations_iPhone = "UIInterfaceOrientationPortrait UIInterfaceOrientationLandscapeLeft UIInterfaceOrientationLandscapeRight";
				IPHONEOS_DEPLOYMENT_TARGET = 15.0;
				LD_RUNPATH_SEARCH_PATHS = (
					"$(inherited)",
					"@executable_path/Frameworks",
				);
				MARKETING_VERSION = 1.0;
				PRODUCT_BUNDLE_IDENTIFIER = "com.webdmitriev.UIKit---07---dz";
				PRODUCT_NAME = "$(TARGET_NAME)";
				SWIFT_EMIT_LOC_STRINGS = YES;
				SWIFT_VERSION = 5.0;
				TARGETED_DEVICE_FAMILY = "1,2";
			};
			name = Release;
		};
/* End XCBuildConfiguration section */

/* Begin XCConfigurationList section */
		539471FA2C6203A100EA85B2 /* Build configuration list for PBXProject "UIKit - 07 - dz" */ = {
			isa = XCConfigurationList;
			buildConfigurations = (
				539472112C6203A200EA85B2 /* Debug */,
				539472122C6203A200EA85B2 /* Release */,
			);
			defaultConfigurationIsVisible = 0;
			defaultConfigurationName = Release;
		};
		539472132C6203A200EA85B2 /* Build configuration list for PBXNativeTarget "UIKit - 07 - dz" */ = {
			isa = XCConfigurationList;
			buildConfigurations = (
				539472142C6203A200EA85B2 /* Debug */,
				539472152C6203A200EA85B2 /* Release */,
			);
			defaultConfigurationIsVisible = 0;
			defaultConfigurationName = Release;
		};
/* End XCConfigurationList section */
	};
	rootObject = 539471F72C6203A100EA85B2 /* Project object */;
}
